
Microsoft Visual Studio Solution File, Format Version 12.00
# Visual Studio Version 16
VisualStudioVersion = 16.0.30907.101
MinimumVisualStudioVersion = 10.0.40219.1
Project("{FAE04EC0-301F-11D3-BF4B-00C04F79EFBC}") = "FerreteriaApi", "FerreteriaApi\FerreteriaApi.csproj", "{A14A2FD3-4380-4C93-A701-C335A933DF41}"
EndProject
Global
	GlobalSection(SolutionConfigurationPlatforms) = preSolution
		Debug|Any CPU = Debug|Any CPU
		Release|Any CPU = Release|Any CPU
	EndGlobalSection
	GlobalSection(ProjectConfigurationPlatforms) = postSolution
		{A14A2FD3-4380-4C93-A701-C335A933DF41}.Debug|Any CPU.ActiveCfg = Debug|Any CPU
		{A14A2FD3-4380-4C93-A701-C335A933DF41}.Debug|Any CPU.Build.0 = Debug|Any CPU
		{A14A2FD3-4380-4C93-A701-C335A933DF41}.Release|Any CPU.ActiveCfg = Release|Any CPU
		{A14A2FD3-4380-4C93-A701-C335A933DF41}.Release|Any CPU.Build.0 = Release|Any CPU
	EndGlobalSection
	GlobalSection(SolutionProperties) = preSolution
		HideSolutionNode = FALSE
	EndGlobalSection
	GlobalSection(ExtensibilityGlobals) = postSolution
		SolutionGuid = {8869A1BF-330A-49BB-B339-AE8ECA986600}
	EndGlobalSection
EndGlobal
